// !$*UTF8*$!
{
	archiveVersion = 1;
	classes = {
	};
	objectVersion = 46;
	objects = {

/* Begin PBXBuildFile section */
		A10C461E1C9FDA0000D7C280 /* main.m in Sources */ = {isa = PBXBuildFile; fileRef = A10C461D1C9FDA0000D7C280 /* main.m */; };
		A10C46211C9FDA0000D7C280 /* AppDelegate.m in Sources */ = {isa = PBXBuildFile; fileRef = A10C46201C9FDA0000D7C280 /* AppDelegate.m */; };
		A10C46271C9FDA0000D7C280 /* Main.storyboard in Resources */ = {isa = PBXBuildFile; fileRef = A10C46251C9FDA0000D7C280 /* Main.storyboard */; };
		A10C46291C9FDA0000D7C280 /* Assets.xcassets in Resources */ = {isa = PBXBuildFile; fileRef = A10C46281C9FDA0000D7C280 /* Assets.xcassets */; };
		A10C462C1C9FDA0000D7C280 /* LaunchScreen.storyboard in Resources */ = {isa = PBXBuildFile; fileRef = A10C462A1C9FDA0000D7C280 /* LaunchScreen.storyboard */; };
		A10C46371C9FDA0000D7C280 /* GMNewsTests.m in Sources */ = {isa = PBXBuildFile; fileRef = A10C46361C9FDA0000D7C280 /* GMNewsTests.m */; };
		A10C46421C9FDA0000D7C280 /* GMNewsUITests.m in Sources */ = {isa = PBXBuildFile; fileRef = A10C46411C9FDA0000D7C280 /* GMNewsUITests.m */; };
		A10C465B1C9FFBA400D7C280 /* AppBaseInfo.plist in Resources */ = {isa = PBXBuildFile; fileRef = A10C465A1C9FFBA400D7C280 /* AppBaseInfo.plist */; };
		A10C46631C9FFFA400D7C280 /* GMNetworkManager.m in Sources */ = {isa = PBXBuildFile; fileRef = A10C46621C9FFFA400D7C280 /* GMNetworkManager.m */; };
		A10C466D1CA000B200D7C280 /* UIColor+HexString.m in Sources */ = {isa = PBXBuildFile; fileRef = A10C466C1CA000B200D7C280 /* UIColor+HexString.m */; };
		A11220FB1CA0E70A007F5440 /* GMAppStatus.m in Sources */ = {isa = PBXBuildFile; fileRef = A11220FA1CA0E70A007F5440 /* GMAppStatus.m */; };
		A11221061CA11192007F5440 /* GMNavigationVC.m in Sources */ = {isa = PBXBuildFile; fileRef = A11221031CA11192007F5440 /* GMNavigationVC.m */; };
		A11221071CA11192007F5440 /* GMTabBarBaseVC.m in Sources */ = {isa = PBXBuildFile; fileRef = A11221051CA11192007F5440 /* GMTabBarBaseVC.m */; };
		A112210F1CA112CA007F5440 /* GMTitleLabel.m in Sources */ = {isa = PBXBuildFile; fileRef = A112210E1CA112CA007F5440 /* GMTitleLabel.m */; };
		A11221111CA12684007F5440 /* NewsURLs.plist in Resources */ = {isa = PBXBuildFile; fileRef = A11221101CA12684007F5440 /* NewsURLs.plist */; };
		A112211B1CA27F15007F5440 /* UILabel+StringFrame.m in Sources */ = {isa = PBXBuildFile; fileRef = A112211A1CA27F15007F5440 /* UILabel+StringFrame.m */; };
		A1481B9D1CA99122007F9709 /* GMNewsVC.m in Sources */ = {isa = PBXBuildFile; fileRef = A1481B9C1CA99122007F9709 /* GMNewsVC.m */; };
		A1481BA01CA99139007F9709 /* GMMainVC.m in Sources */ = {isa = PBXBuildFile; fileRef = A1481B9F1CA99139007F9709 /* GMMainVC.m */; };
		A1481BA21CA9A794007F9709 /* GMNews.storyboard in Resources */ = {isa = PBXBuildFile; fileRef = A1481BA11CA9A794007F9709 /* GMNews.storyboard */; };
		A175F1531CC8B0EF00A431A2 /* GMNewsCell.m in Sources */ = {isa = PBXBuildFile; fileRef = A175F1521CC8B0EF00A431A2 /* GMNewsCell.m */; };
		A175F1581CC9F52900A431A2 /* GMNewsEntity.m in Sources */ = {isa = PBXBuildFile; fileRef = A175F1571CC9F52900A431A2 /* GMNewsEntity.m */; };
		EC7CCA51C996DCD6F6706A58 /* libPods.a in Frameworks */ = {isa = PBXBuildFile; fileRef = FD74A0A8C7EBD9B976399F0F /* libPods.a */; };
/* End PBXBuildFile section */

/* Begin PBXContainerItemProxy section */
		A10C46331C9FDA0000D7C280 /* PBXContainerItemProxy */ = {
			isa = PBXContainerItemProxy;
			containerPortal = A10C46111C9FDA0000D7C280 /* Project object */;
			proxyType = 1;
			remoteGlobalIDString = A10C46181C9FDA0000D7C280;
			remoteInfo = GMNews;
		};
		A10C463E1C9FDA0000D7C280 /* PBXContainerItemProxy */ = {
			isa = PBXContainerItemProxy;
			containerPortal = A10C46111C9FDA0000D7C280 /* Project object */;
			proxyType = 1;
			remoteGlobalIDString = A10C46181C9FDA0000D7C280;
			remoteInfo = GMNews;
		};
/* End PBXContainerItemProxy section */

/* Begin PBXFileReference section */
		12F23C142D02296C042A0ADB /* Pods.debug.xcconfig */ = {isa = PBXFileReference; includeInIndex = 1; lastKnownFileType = text.xcconfig; name = Pods.debug.xcconfig; path = "Pods/Target Support Files/Pods/Pods.debug.xcconfig"; sourceTree = "<group>"; };
		753F62B034B8D9DB8EEAE850 /* Pods.release.xcconfig */ = {isa = PBXFileReference; includeInIndex = 1; lastKnownFileType = text.xcconfig; name = Pods.release.xcconfig; path = "Pods/Target Support Files/Pods/Pods.release.xcconfig"; sourceTree = "<group>"; };
		A10C46191C9FDA0000D7C280 /* GMNews.app */ = {isa = PBXFileReference; explicitFileType = wrapper.application; includeInIndex = 0; path = GMNews.app; sourceTree = BUILT_PRODUCTS_DIR; };
		A10C461D1C9FDA0000D7C280 /* main.m */ = {isa = PBXFileReference; lastKnownFileType = sourcecode.c.objc; path = main.m; sourceTree = "<group>"; };
		A10C461F1C9FDA0000D7C280 /* AppDelegate.h */ = {isa = PBXFileReference; lastKnownFileType = sourcecode.c.h; path = AppDelegate.h; sourceTree = "<group>"; };
		A10C46201C9FDA0000D7C280 /* AppDelegate.m */ = {isa = PBXFileReference; lastKnownFileType = sourcecode.c.objc; path = AppDelegate.m; sourceTree = "<group>"; };
		A10C46261C9FDA0000D7C280 /* Base */ = {isa = PBXFileReference; lastKnownFileType = file.storyboard; name = Base; path = Base.lproj/Main.storyboard; sourceTree = "<group>"; };
		A10C46281C9FDA0000D7C280 /* Assets.xcassets */ = {isa = PBXFileReference; lastKnownFileType = folder.assetcatalog; path = Assets.xcassets; sourceTree = "<group>"; };
		A10C462B1C9FDA0000D7C280 /* Base */ = {isa = PBXFileReference; lastKnownFileType = file.storyboard; name = Base; path = Base.lproj/LaunchScreen.storyboard; sourceTree = "<group>"; };
		A10C462D1C9FDA0000D7C280 /* Info.plist */ = {isa = PBXFileReference; lastKnownFileType = text.plist.xml; path = Info.plist; sourceTree = "<group>"; };
		A10C46321C9FDA0000D7C280 /* GMNewsTests.xctest */ = {isa = PBXFileReference; explicitFileType = wrapper.cfbundle; includeInIndex = 0; path = GMNewsTests.xctest; sourceTree = BUILT_PRODUCTS_DIR; };
		A10C46361C9FDA0000D7C280 /* GMNewsTests.m */ = {isa = PBXFileReference; lastKnownFileType = sourcecode.c.objc; path = GMNewsTests.m; sourceTree = "<group>"; };
		A10C46381C9FDA0000D7C280 /* Info.plist */ = {isa = PBXFileReference; lastKnownFileType = text.plist.xml; path = Info.plist; sourceTree = "<group>"; };
		A10C463D1C9FDA0000D7C280 /* GMNewsUITests.xctest */ = {isa = PBXFileReference; explicitFileType = wrapper.cfbundle; includeInIndex = 0; path = GMNewsUITests.xctest; sourceTree = BUILT_PRODUCTS_DIR; };
		A10C46411C9FDA0000D7C280 /* GMNewsUITests.m */ = {isa = PBXFileReference; lastKnownFileType = sourcecode.c.objc; path = GMNewsUITests.m; sourceTree = "<group>"; };
		A10C46431C9FDA0000D7C280 /* Info.plist */ = {isa = PBXFileReference; lastKnownFileType = text.plist.xml; path = Info.plist; sourceTree = "<group>"; };
		A10C465A1C9FFBA400D7C280 /* AppBaseInfo.plist */ = {isa = PBXFileReference; fileEncoding = 4; lastKnownFileType = text.plist.xml; path = AppBaseInfo.plist; sourceTree = "<group>"; };
		A10C46611C9FFFA400D7C280 /* GMNetworkManager.h */ = {isa = PBXFileReference; fileEncoding = 4; lastKnownFileType = sourcecode.c.h; path = GMNetworkManager.h; sourceTree = "<group>"; };
		A10C46621C9FFFA400D7C280 /* GMNetworkManager.m */ = {isa = PBXFileReference; fileEncoding = 4; lastKnownFileType = sourcecode.c.objc; path = GMNetworkManager.m; sourceTree = "<group>"; };
		A10C466B1CA000B200D7C280 /* UIColor+HexString.h */ = {isa = PBXFileReference; fileEncoding = 4; lastKnownFileType = sourcecode.c.h; path = "UIColor+HexString.h"; sourceTree = "<group>"; };
		A10C466C1CA000B200D7C280 /* UIColor+HexString.m */ = {isa = PBXFileReference; fileEncoding = 4; lastKnownFileType = sourcecode.c.objc; path = "UIColor+HexString.m"; sourceTree = "<group>"; };
		A11220F91CA0E70A007F5440 /* GMAppStatus.h */ = {isa = PBXFileReference; fileEncoding = 4; lastKnownFileType = sourcecode.c.h; path = GMAppStatus.h; sourceTree = "<group>"; };
		A11220FA1CA0E70A007F5440 /* GMAppStatus.m */ = {isa = PBXFileReference; fileEncoding = 4; lastKnownFileType = sourcecode.c.objc; path = GMAppStatus.m; sourceTree = "<group>"; };
		A11221021CA11192007F5440 /* GMNavigationVC.h */ = {isa = PBXFileReference; fileEncoding = 4; lastKnownFileType = sourcecode.c.h; path = GMNavigationVC.h; sourceTree = "<group>"; };
		A11221031CA11192007F5440 /* GMNavigationVC.m */ = {isa = PBXFileReference; fileEncoding = 4; lastKnownFileType = sourcecode.c.objc; path = GMNavigationVC.m; sourceTree = "<group>"; };
		A11221041CA11192007F5440 /* GMTabBarBaseVC.h */ = {isa = PBXFileReference; fileEncoding = 4; lastKnownFileType = sourcecode.c.h; path = GMTabBarBaseVC.h; sourceTree = "<group>"; };
		A11221051CA11192007F5440 /* GMTabBarBaseVC.m */ = {isa = PBXFileReference; fileEncoding = 4; lastKnownFileType = sourcecode.c.objc; path = GMTabBarBaseVC.m; sourceTree = "<group>"; };
		A112210D1CA112CA007F5440 /* GMTitleLabel.h */ = {isa = PBXFileReference; fileEncoding = 4; lastKnownFileType = sourcecode.c.h; path = GMTitleLabel.h; sourceTree = "<group>"; };
		A112210E1CA112CA007F5440 /* GMTitleLabel.m */ = {isa = PBXFileReference; fileEncoding = 4; lastKnownFileType = sourcecode.c.objc; path = GMTitleLabel.m; sourceTree = "<group>"; };
		A11221101CA12684007F5440 /* NewsURLs.plist */ = {isa = PBXFileReference; fileEncoding = 4; lastKnownFileType = text.plist.xml; path = NewsURLs.plist; sourceTree = "<group>"; };
		A11221121CA26894007F5440 /* GMNews-Prefix.pch */ = {isa = PBXFileReference; lastKnownFileType = sourcecode.c.h; path = "GMNews-Prefix.pch"; sourceTree = SOURCE_ROOT; };
		A11221191CA27F15007F5440 /* UILabel+StringFrame.h */ = {isa = PBXFileReference; fileEncoding = 4; lastKnownFileType = sourcecode.c.h; path = "UILabel+StringFrame.h"; sourceTree = "<group>"; };
		A112211A1CA27F15007F5440 /* UILabel+StringFrame.m */ = {isa = PBXFileReference; fileEncoding = 4; lastKnownFileType = sourcecode.c.objc; path = "UILabel+StringFrame.m"; sourceTree = "<group>"; };
		A1481B9B1CA99122007F9709 /* GMNewsVC.h */ = {isa = PBXFileReference; fileEncoding = 4; lastKnownFileType = sourcecode.c.h; name = GMNewsVC.h; path = ../Main/GMNewsVC.h; sourceTree = "<group>"; };
		A1481B9C1CA99122007F9709 /* GMNewsVC.m */ = {isa = PBXFileReference; fileEncoding = 4; lastKnownFileType = sourcecode.c.objc; name = GMNewsVC.m; path = ../Main/GMNewsVC.m; sourceTree = "<group>"; };
		A1481B9E1CA99139007F9709 /* GMMainVC.h */ = {isa = PBXFileReference; fileEncoding = 4; lastKnownFileType = sourcecode.c.h; path = GMMainVC.h; sourceTree = "<group>"; };
		A1481B9F1CA99139007F9709 /* GMMainVC.m */ = {isa = PBXFileReference; fileEncoding = 4; lastKnownFileType = sourcecode.c.objc; path = GMMainVC.m; sourceTree = "<group>"; };
		A1481BA11CA9A794007F9709 /* GMNews.storyboard */ = {isa = PBXFileReference; fileEncoding = 4; lastKnownFileType = file.storyboard; path = GMNews.storyboard; sourceTree = "<group>"; };
		A175F1511CC8B0EF00A431A2 /* GMNewsCell.h */ = {isa = PBXFileReference; fileEncoding = 4; lastKnownFileType = sourcecode.c.h; path = GMNewsCell.h; sourceTree = "<group>"; };
		A175F1521CC8B0EF00A431A2 /* GMNewsCell.m */ = {isa = PBXFileReference; fileEncoding = 4; lastKnownFileType = sourcecode.c.objc; path = GMNewsCell.m; sourceTree = "<group>"; };
		A175F1561CC9F52900A431A2 /* GMNewsEntity.h */ = {isa = PBXFileReference; fileEncoding = 4; lastKnownFileType = sourcecode.c.h; path = GMNewsEntity.h; sourceTree = "<group>"; };
		A175F1571CC9F52900A431A2 /* GMNewsEntity.m */ = {isa = PBXFileReference; fileEncoding = 4; lastKnownFileType = sourcecode.c.objc; path = GMNewsEntity.m; sourceTree = "<group>"; };
		A189F3901CABCE0A00479476 /* libReveal.dylib */ = {isa = PBXFileReference; lastKnownFileType = "compiled.mach-o.dylib"; name = libReveal.dylib; path = ../libReveal.dylib; sourceTree = "<group>"; };
		FD74A0A8C7EBD9B976399F0F /* libPods.a */ = {isa = PBXFileReference; explicitFileType = archive.ar; includeInIndex = 0; path = libPods.a; sourceTree = BUILT_PRODUCTS_DIR; };
/* End PBXFileReference section */

/* Begin PBXFrameworksBuildPhase section */
		A10C46161C9FDA0000D7C280 /* Frameworks */ = {
			isa = PBXFrameworksBuildPhase;
			buildActionMask = 2147483647;
			files = (
				EC7CCA51C996DCD6F6706A58 /* libPods.a in Frameworks */,
			);
			runOnlyForDeploymentPostprocessing = 0;
		};
		A10C462F1C9FDA0000D7C280 /* Frameworks */ = {
			isa = PBXFrameworksBuildPhase;
			buildActionMask = 2147483647;
			files = (
			);
			runOnlyForDeploymentPostprocessing = 0;
		};
		A10C463A1C9FDA0000D7C280 /* Frameworks */ = {
			isa = PBXFrameworksBuildPhase;
			buildActionMask = 2147483647;
			files = (
			);
			runOnlyForDeploymentPostprocessing = 0;
		};
/* End PBXFrameworksBuildPhase section */

/* Begin PBXGroup section */
		A10C46101C9FDA0000D7C280 = {
			isa = PBXGroup;
			children = (
				A10C461B1C9FDA0000D7C280 /* GMNews */,
				A10C46351C9FDA0000D7C280 /* GMNewsTests */,
				A10C46401C9FDA0000D7C280 /* GMNewsUITests */,
				A10C461A1C9FDA0000D7C280 /* Products */,
				AA6ACC9BF0084F7086E1E059 /* Pods */,
				D0F47DD3BDCED28F15D2AADF /* Frameworks */,
			);
			sourceTree = "<group>";
		};
		A10C461A1C9FDA0000D7C280 /* Products */ = {
			isa = PBXGroup;
			children = (
				A10C46191C9FDA0000D7C280 /* GMNews.app */,
				A10C46321C9FDA0000D7C280 /* GMNewsTests.xctest */,
				A10C463D1C9FDA0000D7C280 /* GMNewsUITests.xctest */,
			);
			name = Products;
			sourceTree = "<group>";
		};
		A10C461B1C9FDA0000D7C280 /* GMNews */ = {
			isa = PBXGroup;
			children = (
				A11221121CA26894007F5440 /* GMNews-Prefix.pch */,
				A10C461F1C9FDA0000D7C280 /* AppDelegate.h */,
				A10C46201C9FDA0000D7C280 /* AppDelegate.m */,
				A11221011CA11192007F5440 /* Main */,
				A11220FC1CA0EE8F007F5440 /* News */,
				A10C46601C9FFFA400D7C280 /* Manager */,
				A11220F81CA0E6D0007F5440 /* Tool */,
				A10C466A1CA0008400D7C280 /* Category */,
				A10C46251C9FDA0000D7C280 /* Main.storyboard */,
				A10C46281C9FDA0000D7C280 /* Assets.xcassets */,
				A10C462A1C9FDA0000D7C280 /* LaunchScreen.storyboard */,
				A10C465A1C9FFBA400D7C280 /* AppBaseInfo.plist */,
				A11221101CA12684007F5440 /* NewsURLs.plist */,
				A10C462D1C9FDA0000D7C280 /* Info.plist */,
				A10C461C1C9FDA0000D7C280 /* Supporting Files */,
			);
			path = GMNews;
			sourceTree = "<group>";
		};
		A10C461C1C9FDA0000D7C280 /* Supporting Files */ = {
			isa = PBXGroup;
			children = (
				A10C461D1C9FDA0000D7C280 /* main.m */,
			);
			name = "Supporting Files";
			sourceTree = "<group>";
		};
		A10C46351C9FDA0000D7C280 /* GMNewsTests */ = {
			isa = PBXGroup;
			children = (
				A10C46361C9FDA0000D7C280 /* GMNewsTests.m */,
				A10C46381C9FDA0000D7C280 /* Info.plist */,
			);
			path = GMNewsTests;
			sourceTree = "<group>";
		};
		A10C46401C9FDA0000D7C280 /* GMNewsUITests */ = {
			isa = PBXGroup;
			children = (
				A10C46411C9FDA0000D7C280 /* GMNewsUITests.m */,
				A10C46431C9FDA0000D7C280 /* Info.plist */,
			);
			path = GMNewsUITests;
			sourceTree = "<group>";
		};
		A10C46601C9FFFA400D7C280 /* Manager */ = {
			isa = PBXGroup;
			children = (
				A10C46611C9FFFA400D7C280 /* GMNetworkManager.h */,
				A10C46621C9FFFA400D7C280 /* GMNetworkManager.m */,
			);
			path = Manager;
			sourceTree = "<group>";
		};
		A10C466A1CA0008400D7C280 /* Category */ = {
			isa = PBXGroup;
			children = (
				A10C466B1CA000B200D7C280 /* UIColor+HexString.h */,
				A10C466C1CA000B200D7C280 /* UIColor+HexString.m */,
				A11221191CA27F15007F5440 /* UILabel+StringFrame.h */,
				A112211A1CA27F15007F5440 /* UILabel+StringFrame.m */,
			);
			path = Category;
			sourceTree = "<group>";
		};
		A11220F81CA0E6D0007F5440 /* Tool */ = {
			isa = PBXGroup;
			children = (
				A11220F91CA0E70A007F5440 /* GMAppStatus.h */,
				A11220FA1CA0E70A007F5440 /* GMAppStatus.m */,
			);
			path = Tool;
			sourceTree = "<group>";
		};
		A11220FC1CA0EE8F007F5440 /* News */ = {
			isa = PBXGroup;
			children = (
				A175F1551CC9F4A600A431A2 /* Model */,
				A175F14C1CC8A80B00A431A2 /* View */,
				A175F14D1CC8A81400A431A2 /* Controller */,
			);
			path = News;
			sourceTree = "<group>";
		};
		A11221011CA11192007F5440 /* Main */ = {
			isa = PBXGroup;
			children = (
				A11221081CA111AA007F5440 /* Controller */,
				A11221091CA111C5007F5440 /* View */,
			);
			path = Main;
			sourceTree = "<group>";
		};
		A11221081CA111AA007F5440 /* Controller */ = {
			isa = PBXGroup;
			children = (
				A11221021CA11192007F5440 /* GMNavigationVC.h */,
				A11221031CA11192007F5440 /* GMNavigationVC.m */,
				A11221041CA11192007F5440 /* GMTabBarBaseVC.h */,
				A11221051CA11192007F5440 /* GMTabBarBaseVC.m */,
				A1481B9E1CA99139007F9709 /* GMMainVC.h */,
				A1481B9F1CA99139007F9709 /* GMMainVC.m */,
			);
			name = Controller;
			sourceTree = "<group>";
		};
		A11221091CA111C5007F5440 /* View */ = {
			isa = PBXGroup;
			children = (
				A112210D1CA112CA007F5440 /* GMTitleLabel.h */,
				A112210E1CA112CA007F5440 /* GMTitleLabel.m */,
			);
			name = View;
			sourceTree = "<group>";
		};
		A175F14C1CC8A80B00A431A2 /* View */ = {
			isa = PBXGroup;
			children = (
				A175F1511CC8B0EF00A431A2 /* GMNewsCell.h */,
				A175F1521CC8B0EF00A431A2 /* GMNewsCell.m */,
			);
			name = View;
			sourceTree = "<group>";
		};
		A175F14D1CC8A81400A431A2 /* Controller */ = {
			isa = PBXGroup;
			children = (
				A1481B9B1CA99122007F9709 /* GMNewsVC.h */,
				A1481B9C1CA99122007F9709 /* GMNewsVC.m */,
				A1481BA11CA9A794007F9709 /* GMNews.storyboard */,
			);
			name = Controller;
			sourceTree = "<group>";
		};
		A175F1551CC9F4A600A431A2 /* Model */ = {
			isa = PBXGroup;
			children = (
				A175F1561CC9F52900A431A2 /* GMNewsEntity.h */,
				A175F1571CC9F52900A431A2 /* GMNewsEntity.m */,
			);
			name = Model;
			sourceTree = "<group>";
		};
		AA6ACC9BF0084F7086E1E059 /* Pods */ = {
			isa = PBXGroup;
			children = (
				12F23C142D02296C042A0ADB /* Pods.debug.xcconfig */,
				753F62B034B8D9DB8EEAE850 /* Pods.release.xcconfig */,
			);
			name = Pods;
			sourceTree = "<group>";
		};
		D0F47DD3BDCED28F15D2AADF /* Frameworks */ = {
			isa = PBXGroup;
			children = (
				A189F3901CABCE0A00479476 /* libReveal.dylib */,
				FD74A0A8C7EBD9B976399F0F /* libPods.a */,
			);
			name = Frameworks;
			sourceTree = "<group>";
		};
/* End PBXGroup section */

/* Begin PBXNativeTarget section */
		A10C46181C9FDA0000D7C280 /* GMNews */ = {
			isa = PBXNativeTarget;
			buildConfigurationList = A10C46461C9FDA0000D7C280 /* Build configuration list for PBXNativeTarget "GMNews" */;
			buildPhases = (
				6E5C4E9ACD4E3240B463EEB1 /* Check Pods Manifest.lock */,
				A10C46151C9FDA0000D7C280 /* Sources */,
				A10C46161C9FDA0000D7C280 /* Frameworks */,
				A10C46171C9FDA0000D7C280 /* Resources */,
				2B6CF71F14881FFD725389D0 /* Embed Pods Frameworks */,
				DCA616B384F501D1CBF6745F /* Copy Pods Resources */,
			);
			buildRules = (
			);
			dependencies = (
			);
			name = GMNews;
			productName = GMNews;
			productReference = A10C46191C9FDA0000D7C280 /* GMNews.app */;
			productType = "com.apple.product-type.application";
		};
		A10C46311C9FDA0000D7C280 /* GMNewsTests */ = {
			isa = PBXNativeTarget;
			buildConfigurationList = A10C46491C9FDA0000D7C280 /* Build configuration list for PBXNativeTarget "GMNewsTests" */;
			buildPhases = (
				A10C462E1C9FDA0000D7C280 /* Sources */,
				A10C462F1C9FDA0000D7C280 /* Frameworks */,
				A10C46301C9FDA0000D7C280 /* Resources */,
			);
			buildRules = (
			);
			dependencies = (
				A10C46341C9FDA0000D7C280 /* PBXTargetDependency */,
			);
			name = GMNewsTests;
			productName = GMNewsTests;
			productReference = A10C46321C9FDA0000D7C280 /* GMNewsTests.xctest */;
			productType = "com.apple.product-type.bundle.unit-test";
		};
		A10C463C1C9FDA0000D7C280 /* GMNewsUITests */ = {
			isa = PBXNativeTarget;
			buildConfigurationList = A10C464C1C9FDA0000D7C280 /* Build configuration list for PBXNativeTarget "GMNewsUITests" */;
			buildPhases = (
				A10C46391C9FDA0000D7C280 /* Sources */,
				A10C463A1C9FDA0000D7C280 /* Frameworks */,
				A10C463B1C9FDA0000D7C280 /* Resources */,
			);
			buildRules = (
			);
			dependencies = (
				A10C463F1C9FDA0000D7C280 /* PBXTargetDependency */,
			);
			name = GMNewsUITests;
			productName = GMNewsUITests;
			productReference = A10C463D1C9FDA0000D7C280 /* GMNewsUITests.xctest */;
			productType = "com.apple.product-type.bundle.ui-testing";
		};
/* End PBXNativeTarget section */

/* Begin PBXProject section */
		A10C46111C9FDA0000D7C280 /* Project object */ = {
			isa = PBXProject;
			attributes = {
				LastUpgradeCheck = 0720;
				ORGANIZATIONNAME = Xnmawc;
				TargetAttributes = {
					A10C46181C9FDA0000D7C280 = {
						CreatedOnToolsVersion = 7.2.1;
						DevelopmentTeam = FV826VY62F;
					};
					A10C46311C9FDA0000D7C280 = {
						CreatedOnToolsVersion = 7.2.1;
						TestTargetID = A10C46181C9FDA0000D7C280;
					};
					A10C463C1C9FDA0000D7C280 = {
						CreatedOnToolsVersion = 7.2.1;
						TestTargetID = A10C46181C9FDA0000D7C280;
					};
				};
			};
			buildConfigurationList = A10C46141C9FDA0000D7C280 /* Build configuration list for PBXProject "GMNews" */;
			compatibilityVersion = "Xcode 3.2";
			developmentRegion = English;
			hasScannedForEncodings = 0;
			knownRegions = (
				en,
				Base,
			);
			mainGroup = A10C46101C9FDA0000D7C280;
			productRefGroup = A10C461A1C9FDA0000D7C280 /* Products */;
			projectDirPath = "";
			projectRoot = "";
			targets = (
				A10C46181C9FDA0000D7C280 /* GMNews */,
				A10C46311C9FDA0000D7C280 /* GMNewsTests */,
				A10C463C1C9FDA0000D7C280 /* GMNewsUITests */,
			);
		};
/* End PBXProject section */

/* Begin PBXResourcesBuildPhase section */
		A10C46171C9FDA0000D7C280 /* Resources */ = {
			isa = PBXResourcesBuildPhase;
			buildActionMask = 2147483647;
			files = (
				A10C462C1C9FDA0000D7C280 /* LaunchScreen.storyboard in Resources */,
				A1481BA21CA9A794007F9709 /* GMNews.storyboard in Resources */,
				A10C46291C9FDA0000D7C280 /* Assets.xcassets in Resources */,
				A11221111CA12684007F5440 /* NewsURLs.plist in Resources */,
				A10C46271C9FDA0000D7C280 /* Main.storyboard in Resources */,
				A10C465B1C9FFBA400D7C280 /* AppBaseInfo.plist in Resources */,
			);
			runOnlyForDeploymentPostprocessing = 0;
		};
		A10C46301C9FDA0000D7C280 /* Resources */ = {
			isa = PBXResourcesBuildPhase;
			buildActionMask = 2147483647;
			files = (
			);
			runOnlyForDeploymentPostprocessing = 0;
		};
		A10C463B1C9FDA0000D7C280 /* Resources */ = {
			isa = PBXResourcesBuildPhase;
			buildActionMask = 2147483647;
			files = (
			);
			runOnlyForDeploymentPostprocessing = 0;
		};
/* End PBXResourcesBuildPhase section */

/* Begin PBXShellScriptBuildPhase section */
		2B6CF71F14881FFD725389D0 /* Embed Pods Frameworks */ = {
			isa = PBXShellScriptBuildPhase;
			buildActionMask = 2147483647;
			files = (
			);
			inputPaths = (
			);
			name = "Embed Pods Frameworks";
			outputPaths = (
			);
			runOnlyForDeploymentPostprocessing = 0;
			shellPath = /bin/sh;
			shellScript = "\"${SRCROOT}/Pods/Target Support Files/Pods/Pods-frameworks.sh\"\n";
			showEnvVarsInLog = 0;
		};
		6E5C4E9ACD4E3240B463EEB1 /* Check Pods Manifest.lock */ = {
			isa = PBXShellScriptBuildPhase;
			buildActionMask = 2147483647;
			files = (
			);
			inputPaths = (
			);
			name = "Check Pods Manifest.lock";
			outputPaths = (
			);
			runOnlyForDeploymentPostprocessing = 0;
			shellPath = /bin/sh;
			shellScript = "diff \"${PODS_ROOT}/../Podfile.lock\" \"${PODS_ROOT}/Manifest.lock\" > /dev/null\nif [[ $? != 0 ]] ; then\n    cat << EOM\nerror: The sandbox is not in sync with the Podfile.lock. Run 'pod install' or update your CocoaPods installation.\nEOM\n    exit 1\nfi\n";
			showEnvVarsInLog = 0;
		};
		DCA616B384F501D1CBF6745F /* Copy Pods Resources */ = {
			isa = PBXShellScriptBuildPhase;
			buildActionMask = 2147483647;
			files = (
			);
			inputPaths = (
			);
			name = "Copy Pods Resources";
			outputPaths = (
			);
			runOnlyForDeploymentPostprocessing = 0;
			shellPath = /bin/sh;
			shellScript = "\"${SRCROOT}/Pods/Target Support Files/Pods/Pods-resources.sh\"\n";
			showEnvVarsInLog = 0;
		};
/* End PBXShellScriptBuildPhase section */

/* Begin PBXSourcesBuildPhase section */
		A10C46151C9FDA0000D7C280 /* Sources */ = {
			isa = PBXSourcesBuildPhase;
			buildActionMask = 2147483647;
			files = (
				A11221061CA11192007F5440 /* GMNavigationVC.m in Sources */,
				A112210F1CA112CA007F5440 /* GMTitleLabel.m in Sources */,
				A11220FB1CA0E70A007F5440 /* GMAppStatus.m in Sources */,
				A10C46211C9FDA0000D7C280 /* AppDelegate.m in Sources */,
				A10C46631C9FFFA400D7C280 /* GMNetworkManager.m in Sources */,
				A1481B9D1CA99122007F9709 /* GMNewsVC.m in Sources */,
				A112211B1CA27F15007F5440 /* UILabel+StringFrame.m in Sources */,
				A10C466D1CA000B200D7C280 /* UIColor+HexString.m in Sources */,
				A175F1531CC8B0EF00A431A2 /* GMNewsCell.m in Sources */,
				A10C461E1C9FDA0000D7C280 /* main.m in Sources */,
				A11221071CA11192007F5440 /* GMTabBarBaseVC.m in Sources */,
				A1481BA01CA99139007F9709 /* GMMainVC.m in Sources */,
				A175F1581CC9F52900A431A2 /* GMNewsEntity.m in Sources */,
			);
			runOnlyForDeploymentPostprocessing = 0;
		};
		A10C462E1C9FDA0000D7C280 /* Sources */ = {
			isa = PBXSourcesBuildPhase;
			buildActionMask = 2147483647;
			files = (
				A10C46371C9FDA0000D7C280 /* GMNewsTests.m in Sources */,
			);
			runOnlyForDeploymentPostprocessing = 0;
		};
		A10C46391C9FDA0000D7C280 /* Sources */ = {
			isa = PBXSourcesBuildPhase;
			buildActionMask = 2147483647;
			files = (
				A10C46421C9FDA0000D7C280 /* GMNewsUITests.m in Sources */,
			);
			runOnlyForDeploymentPostprocessing = 0;
		};
/* End PBXSourcesBuildPhase section */

/* Begin PBXTargetDependency section */
		A10C46341C9FDA0000D7C280 /* PBXTargetDependency */ = {
			isa = PBXTargetDependency;
			target = A10C46181C9FDA0000D7C280 /* GMNews */;
			targetProxy = A10C46331C9FDA0000D7C280 /* PBXContainerItemProxy */;
		};
		A10C463F1C9FDA0000D7C280 /* PBXTargetDependency */ = {
			isa = PBXTargetDependency;
			target = A10C46181C9FDA0000D7C280 /* GMNews */;
			targetProxy = A10C463E1C9FDA0000D7C280 /* PBXContainerItemProxy */;
		};
/* End PBXTargetDependency section */

/* Begin PBXVariantGroup section */
		A10C46251C9FDA0000D7C280 /* Main.storyboard */ = {
			isa = PBXVariantGroup;
			children = (
				A10C46261C9FDA0000D7C280 /* Base */,
			);
			name = Main.storyboard;
			sourceTree = "<group>";
		};
		A10C462A1C9FDA0000D7C280 /* LaunchScreen.storyboard */ = {
			isa = PBXVariantGroup;
			children = (
				A10C462B1C9FDA0000D7C280 /* Base */,
			);
			name = LaunchScreen.storyboard;
			sourceTree = "<group>";
		};
/* End PBXVariantGroup section */

/* Begin XCBuildConfiguration section */
		A10C46441C9FDA0000D7C280 /* Debug */ = {
			isa = XCBuildConfiguration;
			buildSettings = {
				ALWAYS_SEARCH_USER_PATHS = NO;
				CLANG_CXX_LANGUAGE_STANDARD = "gnu++0x";
				CLANG_CXX_LIBRARY = "libc++";
				CLANG_ENABLE_MODULES = YES;
				CLANG_ENABLE_OBJC_ARC = YES;
				CLANG_WARN_BOOL_CONVERSION = YES;
				CLANG_WARN_CONSTANT_CONVERSION = YES;
				CLANG_WARN_DIRECT_OBJC_ISA_USAGE = YES_ERROR;
				CLANG_WARN_EMPTY_BODY = YES;
				CLANG_WARN_ENUM_CONVERSION = YES;
				CLANG_WARN_INT_CONVERSION = YES;
				CLANG_WARN_OBJC_ROOT_CLASS = YES_ERROR;
				CLANG_WARN_UNREACHABLE_CODE = YES;
				CLANG_WARN__DUPLICATE_METHOD_MATCH = YES;
				"CODE_SIGN_IDENTITY[sdk=iphoneos*]" = "iPhone Developer";
				COPY_PHASE_STRIP = NO;
				DEBUG_INFORMATION_FORMAT = dwarf;
				ENABLE_STRICT_OBJC_MSGSEND = YES;
				ENABLE_TESTABILITY = YES;
				GCC_C_LANGUAGE_STANDARD = gnu99;
				GCC_DYNAMIC_NO_PIC = NO;
				GCC_NO_COMMON_BLOCKS = YES;
				GCC_OPTIMIZATION_LEVEL = 0;
				GCC_PREPROCESSOR_DEFINITIONS = (
					"DEBUG=1",
					"$(inherited)",
				);
				GCC_WARN_64_TO_32_BIT_CONVERSION = YES;
				GCC_WARN_ABOUT_RETURN_TYPE = YES_ERROR;
				GCC_WARN_UNDECLARED_SELECTOR = YES;
				GCC_WARN_UNINITIALIZED_AUTOS = YES_AGGRESSIVE;
				GCC_WARN_UNUSED_FUNCTION = YES;
				GCC_WARN_UNUSED_VARIABLE = YES;
				IPHONEOS_DEPLOYMENT_TARGET = 9.2;
				MTL_ENABLE_DEBUG_INFO = YES;
				ONLY_ACTIVE_ARCH = YES;
				SDKROOT = iphoneos;
				TARGETED_DEVICE_FAMILY = "1,2";
			};
			name = Debug;
		};
		A10C46451C9FDA0000D7C280 /* Release */ = {
			isa = XCBuildConfiguration;
			buildSettings = {
				ALWAYS_SEARCH_USER_PATHS = NO;
				CLANG_CXX_LANGUAGE_STANDARD = "gnu++0x";
				CLANG_CXX_LIBRARY = "libc++";
				CLANG_ENABLE_MODULES = YES;
				CLANG_ENABLE_OBJC_ARC = YES;
				CLANG_WARN_BOOL_CONVERSION = YES;
				CLANG_WARN_CONSTANT_CONVERSION = YES;
				CLANG_WARN_DIRECT_OBJC_ISA_USAGE = YES_ERROR;
				CLANG_WARN_EMPTY_BODY = YES;
				CLANG_WARN_ENUM_CONVERSION = YES;
				CLANG_WARN_INT_CONVERSION = YES;
				CLANG_WARN_OBJC_ROOT_CLASS = YES_ERROR;
				CLANG_WARN_UNREACHABLE_CODE = YES;
				CLANG_WARN__DUPLICATE_METHOD_MATCH = YES;
				"CODE_SIGN_IDENTITY[sdk=iphoneos*]" = "iPhone Developer";
				COPY_PHASE_STRIP = NO;
				DEBUG_INFORMATION_FORMAT = "dwarf-with-dsym";
				ENABLE_NS_ASSERTIONS = NO;
				ENABLE_STRICT_OBJC_MSGSEND = YES;
				GCC_C_LANGUAGE_STANDARD = gnu99;
				GCC_NO_COMMON_BLOCKS = YES;
				GCC_WARN_64_TO_32_BIT_CONVERSION = YES;
				GCC_WARN_ABOUT_RETURN_TYPE = YES_ERROR;
				GCC_WARN_UNDECLARED_SELECTOR = YES;
				GCC_WARN_UNINITIALIZED_AUTOS = YES_AGGRESSIVE;
				GCC_WARN_UNUSED_FUNCTION = YES;
				GCC_WARN_UNUSED_VARIABLE = YES;
				IPHONEOS_DEPLOYMENT_TARGET = 9.2;
				MTL_ENABLE_DEBUG_INFO = NO;
				SDKROOT = iphoneos;
				TARGETED_DEVICE_FAMILY = "1,2";
				VALIDATE_PRODUCT = YES;
			};
			name = Release;
		};
		A10C46471C9FDA0000D7C280 /* Debug */ = {
			isa = XCBuildConfiguration;
			baseConfigurationReference = 12F23C142D02296C042A0ADB /* Pods.debug.xcconfig */;
			buildSettings = {
				ASSETCATALOG_COMPILER_APPICON_NAME = AppIcon;
				CODE_SIGN_IDENTITY = "iPhone Developer";
				"CODE_SIGN_IDENTITY[sdk=iphoneos*]" = "iPhone Developer";
				FRAMEWORK_SEARCH_PATHS = (
					"$(inherited)",
					"$(PROJECT_DIR)",
				);
				GCC_PREFIX_HEADER = "$(SRCROOT)/GMNews-Prefix.pch";
				INFOPLIST_FILE = GMNews/Info.plist;
				IPHONEOS_DEPLOYMENT_TARGET = 8.4;
				LD_RUNPATH_SEARCH_PATHS = "$(inherited) @executable_path/Frameworks";
				LIBRARY_SEARCH_PATHS = (
					"$(inherited)",
					"$(PROJECT_DIR)",
				);
				OTHER_LDFLAGS = (
					"$(inherited)",
					"-ObjC",
					"-l\"AFNetworking\"",
					"-framework",
					"\"CoreGraphics\"",
					"-framework",
					"\"MobileCoreServices\"",
					"-framework",
					"\"Security\"",
					"-framework",
					"\"SystemConfiguration\"",
				);
				PRODUCT_BUNDLE_IDENTIFIER = Gmxanm.GMNews;
				PRODUCT_NAME = "$(TARGET_NAME)";
				PROVISIONING_PROFILE = "";
				USER_HEADER_SEARCH_PATHS = "${SRCROOT}/**";
			};
			name = Debug;
		};
		A10C46481C9FDA0000D7C280 /* Release */ = {
			isa = XCBuildConfiguration;
			baseConfigurationReference = 753F62B034B8D9DB8EEAE850 /* Pods.release.xcconfig */;
			buildSettings = {
				ASSETCATALOG_COMPILER_APPICON_NAME = AppIcon;
				CODE_SIGN_IDENTITY = "iPhone Developer";
				"CODE_SIGN_IDENTITY[sdk=iphoneos*]" = "iPhone Developer";
				FRAMEWORK_SEARCH_PATHS = (
					"$(inherited)",
					"$(PROJECT_DIR)",
				);
				GCC_PREFIX_HEADER = "$(SRCROOT)/GMNews-Prefix.pch";
				INFOPLIST_FILE = GMNews/Info.plist;
				IPHONEOS_DEPLOYMENT_TARGET = 8.4;
				LD_RUNPATH_SEARCH_PATHS = "$(inherited) @executable_path/Frameworks";
				LIBRARY_SEARCH_PATHS = (
					"$(inherited)",
					"$(PROJECT_DIR)",
				);
				OTHER_LDFLAGS = (
					"$(inherited)",
					"-ObjC",
					"-l\"AFNetworking\"",
					"-framework",
					"\"CoreGraphics\"",
					"-framework",
					"\"MobileCoreServices\"",
					"-framework",
					"\"Security\"",
					"-framework",
					"\"SystemConfiguration\"",
				);
				PRODUCT_BUNDLE_IDENTIFIER = Gmxanm.GMNews;
				PRODUCT_NAME = "$(TARGET_NAME)";
				PROVISIONING_PROFILE = "";
				USER_HEADER_SEARCH_PATHS = "${SRCROOT}/**";
			};
			name = Release;
		};
		A10C464A1C9FDA0000D7C280 /* Debug */ = {
			isa = XCBuildConfiguration;
			buildSettings = {
				BUNDLE_LOADER = "$(TEST_HOST)";
				INFOPLIST_FILE = GMNewsTests/Info.plist;
				LD_RUNPATH_SEARCH_PATHS = "$(inherited) @executable_path/Frameworks @loader_path/Frameworks";
				PRODUCT_BUNDLE_IDENTIFIER = Gmxanm.GMNewsTests;
				PRODUCT_NAME = "$(TARGET_NAME)";
				TEST_HOST = "$(BUILT_PRODUCTS_DIR)/GMNews.app/GMNews";
			};
			name = Debug;
		};
		A10C464B1C9FDA0000D7C280 /* Release */ = {
			isa = XCBuildConfiguration;
			buildSettings = {
				BUNDLE_LOADER = "$(TEST_HOST)";
				INFOPLIST_FILE = GMNewsTests/Info.plist;
				LD_RUNPATH_SEARCH_PATHS = "$(inherited) @executable_path/Frameworks @loader_path/Frameworks";
				PRODUCT_BUNDLE_IDENTIFIER = Gmxanm.GMNewsTests;
				PRODUCT_NAME = "$(TARGET_NAME)";
				TEST_HOST = "$(BUILT_PRODUCTS_DIR)/GMNews.app/GMNews";
			};
			name = Release;
		};
		A10C464D1C9FDA0000D7C280 /* Debug */ = {
			isa = XCBuildConfiguration;
			buildSettings = {
				INFOPLIST_FILE = GMNewsUITests/Info.plist;
				LD_RUNPATH_SEARCH_PATHS = "$(inherited) @executable_path/Frameworks @loader_path/Frameworks";
				PRODUCT_BUNDLE_IDENTIFIER = Gmxanm.GMNewsUITests;
				PRODUCT_NAME = "$(TARGET_NAME)";
				TEST_TARGET_NAME = GMNews;
				USES_XCTRUNNER = YES;
			};
			name = Debug;
		};
		A10C464E1C9FDA0000D7C280 /* Release */ = {
			isa = XCBuildConfiguration;
			buildSettings = {
				INFOPLIST_FILE = GMNewsUITests/Info.plist;
				LD_RUNPATH_SEARCH_PATHS = "$(inherited) @executable_path/Frameworks @loader_path/Frameworks";
				PRODUCT_BUNDLE_IDENTIFIER = Gmxanm.GMNewsUITests;
				PRODUCT_NAME = "$(TARGET_NAME)";
				TEST_TARGET_NAME = GMNews;
				USES_XCTRUNNER = YES;
			};
			name = Release;
		};
/* End XCBuildConfiguration section */

/* Begin XCConfigurationList section */
		A10C46141C9FDA0000D7C280 /* Build configuration list for PBXProject "GMNews" */ = {
			isa = XCConfigurationList;
			buildConfigurations = (
				A10C46441C9FDA0000D7C280 /* Debug */,
				A10C46451C9FDA0000D7C280 /* Release */,
			);
			defaultConfigurationIsVisible = 0;
			defaultConfigurationName = Release;
		};
		A10C46461C9FDA0000D7C280 /* Build configuration list for PBXNativeTarget "GMNews" */ = {
			isa = XCConfigurationList;
			buildConfigurations = (
				A10C46471C9FDA0000D7C280 /* Debug */,
				A10C46481C9FDA0000D7C280 /* Release */,
			);
			defaultConfigurationIsVisible = 0;
			defaultConfigurationName = Release;
		};
		A10C46491C9FDA0000D7C280 /* Build configuration list for PBXNativeTarget "GMNewsTests" */ = {
			isa = XCConfigurationList;
			buildConfigurations = (
				A10C464A1C9FDA0000D7C280 /* Debug */,
				A10C464B1C9FDA0000D7C280 /* Release */,
			);
			defaultConfigurationIsVisible = 0;
			defaultConfigurationName = Release;
		};
		A10C464C1C9FDA0000D7C280 /* Build configuration list for PBXNativeTarget "GMNewsUITests" */ = {
			isa = XCConfigurationList;
			buildConfigurations = (
				A10C464D1C9FDA0000D7C280 /* Debug */,
				A10C464E1C9FDA0000D7C280 /* Release */,
			);
			defaultConfigurationIsVisible = 0;
			defaultConfigurationName = Release;
		};
/* End XCConfigurationList section */
	};
	rootObject = A10C46111C9FDA0000D7C280 /* Project object */;
}
